
Microsoft Visual Studio Solution File, Format Version 12.00
# Visual Studio Version 16
VisualStudioVersion = 16.0.31205.134
MinimumVisualStudioVersion = 10.0.40219.1
Project("{2150E333-8FDC-42A3-9474-1A3956D46DE8}") = "1.1 - ConsoleApp", "1.1 - ConsoleApp", "{712BEC9E-D59E-455E-B23E-C552CD1449EB}"
EndProject
Project("{9A19103F-16F7-4668-BE54-9A1E7A4F7556}") = "Tienda.ConsoleApp", "1.1 - ConsoleApp\Tienda.ConsoleApp\Tienda.ConsoleApp.csproj", "{E44540CF-60D5-4F6D-92BC-37DC0AE26642}"
EndProject
Project("{2150E333-8FDC-42A3-9474-1A3956D46DE8}") = "3 - Logic", "3 - Logic", "{8E9F4AAB-4A45-4B2A-9591-E26B883BCF01}"
EndProject
Project("{2150E333-8FDC-42A3-9474-1A3956D46DE8}") = "4 - DataAccess", "4 - DataAccess", "{BCD16EC8-AC1E-4440-9026-9699A733E347}"
EndProject
Project("{9A19103F-16F7-4668-BE54-9A1E7A4F7556}") = "Tienda.Logic", "3 - Logic\Tienda.Logic\Tienda.Logic.csproj", "{2A095458-5F74-4942-8713-1B33A5830B15}"
EndProject
Project("{2150E333-8FDC-42A3-9474-1A3956D46DE8}") = "5 - Common", "5 - Common", "{3851A01F-DD6D-4BCC-8108-B0766D685017}"
EndProject
Project("{9A19103F-16F7-4668-BE54-9A1E7A4F7556}") = "Tienda.Dto", "5 - Common\Tienda.Dto\Tienda.Dto.csproj", "{FD8AB5AD-9277-49D7-9117-9EEA0C2AE45C}"
EndProject
Project("{9A19103F-16F7-4668-BE54-9A1E7A4F7556}") = "Tienda.Interfaces", "5 - Common\Tienda.Interfaces\Tienda.Interfaces.csproj", "{2D70C211-8891-4F2A-8F2E-F493FCCBBA2E}"
EndProject
Project("{9A19103F-16F7-4668-BE54-9A1E7A4F7556}") = "Tienda.Exceptions", "3 - Logic\Tienda.Exceptions\Tienda.Exceptions.csproj", "{19960339-69F3-42B6-86E4-E2ED8430FD42}"
EndProject
Project("{2150E333-8FDC-42A3-9474-1A3956D46DE8}") = "2 - Web API", "2 - Web API", "{A1520B36-B83E-45F9-8CD0-5FB0A23AA7CC}"
EndProject
Project("{9A19103F-16F7-4668-BE54-9A1E7A4F7556}") = "TiendaWeb", "2 - Web API\Tienda.Web\TiendaWeb.csproj", "{D2C72D66-1EAE-40A2-A1CA-F497443D51B3}"
EndProject
Project("{00D1A9C2-B5F0-4AF3-8072-F6C62B433612}") = "Tienda.Database", "Tienda.Database\Tienda.Database.sqlproj", "{4D386F07-2A1C-4CB7-8536-97EC16009D40}"
EndProject
Project("{9A19103F-16F7-4668-BE54-9A1E7A4F7556}") = "Tienda.Dapper", "4 - DataAccess\Tienda.Dapper\Tienda.Dapper.csproj", "{508D1892-981F-4780-B956-13B6C494F16D}"
EndProject
Project("{2150E333-8FDC-42A3-9474-1A3956D46DE8}") = "1 - WebAPP", "1 - WebAPP", "{87ED6A49-CC2E-4628-A288-FFF3CD9BE4C1}"
EndProject
Project("{E24C65DC-7377-472B-9ABA-BC803B73C61A}") = "1 - WebApp", "1 - WebApp\", "{A6E9E8AD-54D6-4FC2-9D6B-2498A29EBACD}"
	ProjectSection(WebsiteProperties) = preProject
		TargetFrameworkMoniker = ".NETFramework,Version%3Dv4.0"
		Debug.AspNetCompiler.VirtualPath = "/localhost_62306"
		Debug.AspNetCompiler.PhysicalPath = "1 - WebApp\"
		Debug.AspNetCompiler.TargetPath = "PrecompiledWeb\localhost_62306\"
		Debug.AspNetCompiler.Updateable = "true"
		Debug.AspNetCompiler.ForceOverwrite = "true"
		Debug.AspNetCompiler.FixedNames = "false"
		Debug.AspNetCompiler.Debug = "True"
		Release.AspNetCompiler.VirtualPath = "/localhost_62306"
		Release.AspNetCompiler.PhysicalPath = "1 - WebApp\"
		Release.AspNetCompiler.TargetPath = "PrecompiledWeb\localhost_62306\"
		Release.AspNetCompiler.Updateable = "true"
		Release.AspNetCompiler.ForceOverwrite = "true"
		Release.AspNetCompiler.FixedNames = "false"
		Release.AspNetCompiler.Debug = "False"
		VWDPort = "62306"
	EndProjectSection
EndProject
Global
	GlobalSection(SolutionConfigurationPlatforms) = preSolution
		Debug|Any CPU = Debug|Any CPU
		Release|Any CPU = Release|Any CPU
	EndGlobalSection
	GlobalSection(ProjectConfigurationPlatforms) = postSolution
		{E44540CF-60D5-4F6D-92BC-37DC0AE26642}.Debug|Any CPU.ActiveCfg = Debug|Any CPU
		{E44540CF-60D5-4F6D-92BC-37DC0AE26642}.Debug|Any CPU.Build.0 = Debug|Any CPU
		{E44540CF-60D5-4F6D-92BC-37DC0AE26642}.Release|Any CPU.ActiveCfg = Release|Any CPU
		{E44540CF-60D5-4F6D-92BC-37DC0AE26642}.Release|Any CPU.Build.0 = Release|Any CPU
		{2A095458-5F74-4942-8713-1B33A5830B15}.Debug|Any CPU.ActiveCfg = Debug|Any CPU
		{2A095458-5F74-4942-8713-1B33A5830B15}.Debug|Any CPU.Build.0 = Debug|Any CPU
		{2A095458-5F74-4942-8713-1B33A5830B15}.Release|Any CPU.ActiveCfg = Release|Any CPU
		{2A095458-5F74-4942-8713-1B33A5830B15}.Release|Any CPU.Build.0 = Release|Any CPU
		{FD8AB5AD-9277-49D7-9117-9EEA0C2AE45C}.Debug|Any CPU.ActiveCfg = Debug|Any CPU
		{FD8AB5AD-9277-49D7-9117-9EEA0C2AE45C}.Debug|Any CPU.Build.0 = Debug|Any CPU
		{FD8AB5AD-9277-49D7-9117-9EEA0C2AE45C}.Release|Any CPU.ActiveCfg = Release|Any CPU
		{FD8AB5AD-9277-49D7-9117-9EEA0C2AE45C}.Release|Any CPU.Build.0 = Release|Any CPU
		{2D70C211-8891-4F2A-8F2E-F493FCCBBA2E}.Debug|Any CPU.ActiveCfg = Debug|Any CPU
		{2D70C211-8891-4F2A-8F2E-F493FCCBBA2E}.Debug|Any CPU.Build.0 = Debug|Any CPU
		{2D70C211-8891-4F2A-8F2E-F493FCCBBA2E}.Release|Any CPU.ActiveCfg = Release|Any CPU
		{2D70C211-8891-4F2A-8F2E-F493FCCBBA2E}.Release|Any CPU.Build.0 = Release|Any CPU
		{19960339-69F3-42B6-86E4-E2ED8430FD42}.Debug|Any CPU.ActiveCfg = Debug|Any CPU
		{19960339-69F3-42B6-86E4-E2ED8430FD42}.Debug|Any CPU.Build.0 = Debug|Any CPU
		{19960339-69F3-42B6-86E4-E2ED8430FD42}.Release|Any CPU.ActiveCfg = Release|Any CPU
		{19960339-69F3-42B6-86E4-E2ED8430FD42}.Release|Any CPU.Build.0 = Release|Any CPU
		{D2C72D66-1EAE-40A2-A1CA-F497443D51B3}.Debug|Any CPU.ActiveCfg = Debug|Any CPU
		{D2C72D66-1EAE-40A2-A1CA-F497443D51B3}.Debug|Any CPU.Build.0 = Debug|Any CPU
		{D2C72D66-1EAE-40A2-A1CA-F497443D51B3}.Release|Any CPU.ActiveCfg = Release|Any CPU
		{D2C72D66-1EAE-40A2-A1CA-F497443D51B3}.Release|Any CPU.Build.0 = Release|Any CPU
		{4D386F07-2A1C-4CB7-8536-97EC16009D40}.Debug|Any CPU.ActiveCfg = Debug|Any CPU
		{4D386F07-2A1C-4CB7-8536-97EC16009D40}.Debug|Any CPU.Build.0 = Debug|Any CPU
		{4D386F07-2A1C-4CB7-8536-97EC16009D40}.Debug|Any CPU.Deploy.0 = Debug|Any CPU
		{4D386F07-2A1C-4CB7-8536-97EC16009D40}.Release|Any CPU.ActiveCfg = Release|Any CPU
		{4D386F07-2A1C-4CB7-8536-97EC16009D40}.Release|Any CPU.Build.0 = Release|Any CPU
		{4D386F07-2A1C-4CB7-8536-97EC16009D40}.Release|Any CPU.Deploy.0 = Release|Any CPU
		{508D1892-981F-4780-B956-13B6C494F16D}.Debug|Any CPU.ActiveCfg = Debug|Any CPU
		{508D1892-981F-4780-B956-13B6C494F16D}.Debug|Any CPU.Build.0 = Debug|Any CPU
		{508D1892-981F-4780-B956-13B6C494F16D}.Release|Any CPU.ActiveCfg = Release|Any CPU
		{508D1892-981F-4780-B956-13B6C494F16D}.Release|Any CPU.Build.0 = Release|Any CPU
		{A6E9E8AD-54D6-4FC2-9D6B-2498A29EBACD}.Debug|Any CPU.ActiveCfg = Debug|Any CPU
		{A6E9E8AD-54D6-4FC2-9D6B-2498A29EBACD}.Debug|Any CPU.Build.0 = Debug|Any CPU
		{A6E9E8AD-54D6-4FC2-9D6B-2498A29EBACD}.Release|Any CPU.ActiveCfg = Debug|Any CPU
		{A6E9E8AD-54D6-4FC2-9D6B-2498A29EBACD}.Release|Any CPU.Build.0 = Debug|Any CPU
	EndGlobalSection
	GlobalSection(SolutionProperties) = preSolution
		HideSolutionNode = FALSE
	EndGlobalSection
	GlobalSection(NestedProjects) = preSolution
		{E44540CF-60D5-4F6D-92BC-37DC0AE26642} = {712BEC9E-D59E-455E-B23E-C552CD1449EB}
		{2A095458-5F74-4942-8713-1B33A5830B15} = {8E9F4AAB-4A45-4B2A-9591-E26B883BCF01}
		{FD8AB5AD-9277-49D7-9117-9EEA0C2AE45C} = {3851A01F-DD6D-4BCC-8108-B0766D685017}
		{2D70C211-8891-4F2A-8F2E-F493FCCBBA2E} = {3851A01F-DD6D-4BCC-8108-B0766D685017}
		{19960339-69F3-42B6-86E4-E2ED8430FD42} = {8E9F4AAB-4A45-4B2A-9591-E26B883BCF01}
		{D2C72D66-1EAE-40A2-A1CA-F497443D51B3} = {A1520B36-B83E-45F9-8CD0-5FB0A23AA7CC}
		{508D1892-981F-4780-B956-13B6C494F16D} = {BCD16EC8-AC1E-4440-9026-9699A733E347}
		{A6E9E8AD-54D6-4FC2-9D6B-2498A29EBACD} = {87ED6A49-CC2E-4628-A288-FFF3CD9BE4C1}
	EndGlobalSection
	GlobalSection(ExtensibilityGlobals) = postSolution
		SolutionGuid = {2665FABB-D298-4D27-A0FC-AF4FB63DA809}
	EndGlobalSection
EndGlobal
